
Microsoft Visual Studio Solution File, Format Version 12.00
# Visual Studio Version 17
VisualStudioVersion = 17.3.32929.385
MinimumVisualStudioVersion = 10.0.40219.1
Project("{9A19103F-16F7-4668-BE54-9A1E7A4F7556}") = "Goods", "Goods\Goods.csproj", "{C53F5687-A951-4CAE-B0A1-63699F8725ED}"
EndProject
Project("{FAE04EC0-301F-11D3-BF4B-00C04F79EFBC}") = "GoodsMVC", "GoodsMVC\GoodsMVC.csproj", "{F9572A4A-98CC-4939-9F3A-1D6BD792F136}"
EndProject
Project("{FAE04EC0-301F-11D3-BF4B-00C04F79EFBC}") = "GoodsCore", "GoodsCore\GoodsCore.csproj", "{F1F06210-BE6A-4F41-B8E8-DFA96C2DAEA9}"
EndProject
Global
	GlobalSection(SolutionConfigurationPlatforms) = preSolution
		Debug|Any CPU = Debug|Any CPU
		Release|Any CPU = Release|Any CPU
	EndGlobalSection
	GlobalSection(ProjectConfigurationPlatforms) = postSolution
		{C53F5687-A951-4CAE-B0A1-63699F8725ED}.Debug|Any CPU.ActiveCfg = Debug|Any CPU
		{C53F5687-A951-4CAE-B0A1-63699F8725ED}.Debug|Any CPU.Build.0 = Debug|Any CPU
		{C53F5687-A951-4CAE-B0A1-63699F8725ED}.Release|Any CPU.ActiveCfg = Release|Any CPU
		{C53F5687-A951-4CAE-B0A1-63699F8725ED}.Release|Any CPU.Build.0 = Release|Any CPU
		{F9572A4A-98CC-4939-9F3A-1D6BD792F136}.Debug|Any CPU.ActiveCfg = Debug|Any CPU
		{F9572A4A-98CC-4939-9F3A-1D6BD792F136}.Debug|Any CPU.Build.0 = Debug|Any CPU
		{F9572A4A-98CC-4939-9F3A-1D6BD792F136}.Release|Any CPU.ActiveCfg = Release|Any CPU
		{F9572A4A-98CC-4939-9F3A-1D6BD792F136}.Release|Any CPU.Build.0 = Release|Any CPU
		{F1F06210-BE6A-4F41-B8E8-DFA96C2DAEA9}.Debug|Any CPU.ActiveCfg = Debug|Any CPU
		{F1F06210-BE6A-4F41-B8E8-DFA96C2DAEA9}.Debug|Any CPU.Build.0 = Debug|Any CPU
		{F1F06210-BE6A-4F41-B8E8-DFA96C2DAEA9}.Release|Any CPU.ActiveCfg = Release|Any CPU
		{F1F06210-BE6A-4F41-B8E8-DFA96C2DAEA9}.Release|Any CPU.Build.0 = Release|Any CPU
	EndGlobalSection
	GlobalSection(SolutionProperties) = preSolution
		HideSolutionNode = FALSE
	EndGlobalSection
	GlobalSection(ExtensibilityGlobals) = postSolution
		SolutionGuid = {044EA9BC-1C09-47A7-ABC9-C4AB72B767F1}
	EndGlobalSection
EndGlobal
